
Microsoft Visual Studio Solution File, Format Version 12.00
# Visual Studio Version 16
VisualStudioVersion = 16.0.36227.6
MinimumVisualStudioVersion = 10.0.40219.1
Project("{FAE04EC0-301F-11D3-BF4B-00C04F79EFBC}") = "StudentTransport", "StudentTransport\StudentTransport.csproj", "{0795A8AC-4ADF-4F5F-AA02-A88866608C97}"
EndProject
Global
	GlobalSection(SolutionConfigurationPlatforms) = preSolution
		Debug|Any CPU = Debug|Any CPU
		Release|Any CPU = Release|Any CPU
	EndGlobalSection
	GlobalSection(ProjectConfigurationPlatforms) = postSolution
		{0795A8AC-4ADF-4F5F-AA02-A88866608C97}.Debug|Any CPU.ActiveCfg = Debug|Any CPU
		{0795A8AC-4ADF-4F5F-AA02-A88866608C97}.Debug|Any CPU.Build.0 = Debug|Any CPU
		{0795A8AC-4ADF-4F5F-AA02-A88866608C97}.Release|Any CPU.ActiveCfg = Release|Any CPU
		{0795A8AC-4ADF-4F5F-AA02-A88866608C97}.Release|Any CPU.Build.0 = Release|Any CPU
	EndGlobalSection
	GlobalSection(SolutionProperties) = preSolution
		HideSolutionNode = FALSE
	EndGlobalSection
	GlobalSection(ExtensibilityGlobals) = postSolution
		SolutionGuid = {13C3DCA3-DD66-4A74-9577-B630B798AFC1}
	EndGlobalSection
EndGlobal
